version = 1
revision = 3
requires-python = ">=3.10"

[[package]]
name = "greenlet"
version = "3.3.0"
source = { registry = "https://pypi.org/simple" }
sdist = { url = "https://files.pythonhosted.org/packages/c7/e5/40dbda2736893e3e53d25838e0f19a2b417dfc122b9989c91918db30b5d3/greenlet-3.3.0.tar.gz", hash = "sha256:a82bb225a4e9e4d653dd2fb7b8b2d36e4fb25bc0165422a11e48b88e9e6f78fb", size = 190651, upload-time = "2025-12-04T14:49:44.05Z" }
wheels = [
    { url = "https://files.pythonhosted.org/packages/32/6a/33d1702184d94106d3cdd7bfb788e19723206fce152e303473ca3b946c7b/greenlet-3.3.0-cp310-cp310-macosx_11_0_universal2.whl", hash = "sha256:6f8496d434d5cb2dce025773ba5597f71f5410ae499d5dd9533e0653258cdb3d", size = 273658, upload-time = "2025-12-04T14:23:37.494Z" },
    { url = "https://files.pythonhosted.org/packages/d6/b7/2b5805bbf1907c26e434f4e448cd8b696a0b71725204fa21a211ff0c04a7/greenlet-3.3.0-cp310-cp310-manylinux_2_24_aarch64.manylinux_2_28_aarch64.whl", hash = "sha256:b96dc7eef78fd404e022e165ec55327f935b9b52ff355b067eb4a0267fc1cffb", size = 574810, upload-time = "2025-12-04T14:50:04.154Z" },
    { url = "https://files.pythonhosted.org/packages/94/38/343242ec12eddf3d8458c73f555c084359883d4ddc674240d9e61ec51fd6/greenlet-3.3.0-cp310-cp310-manylinux_2_24_ppc64le.manylinux_2_28_ppc64le.whl", hash = "sha256:73631cd5cccbcfe63e3f9492aaa664d278fda0ce5c3d43aeda8e77317e38efbd", size = 586248, upload-time = "2025-12-04T14:57:39.35Z" },
    { url = "https://files.pythonhosted.org/packages/f0/d0/0ae86792fb212e4384041e0ef8e7bc66f59a54912ce407d26a966ed2914d/greenlet-3.3.0-cp310-cp310-manylinux_2_24_s390x.manylinux_2_28_s390x.whl", hash = "sha256:b299a0cb979f5d7197442dccc3aee67fce53500cd88951b7e6c35575701c980b", size = 597403, upload-time = "2025-12-04T15:07:10.831Z" },
    { url = "https://files.pythonhosted.org/packages/b6/a8/15d0aa26c0036a15d2659175af00954aaaa5d0d66ba538345bd88013b4d7/greenlet-3.3.0-cp310-cp310-manylinux_2_24_x86_64.manylinux_2_28_x86_64.whl", hash = "sha256:7dee147740789a4632cace364816046e43310b59ff8fb79833ab043aefa72fd5", size = 586910, upload-time = "2025-12-04T14:25:59.705Z" },
    { url = "https://files.pythonhosted.org/packages/e1/9b/68d5e3b7ccaba3907e5532cf8b9bf16f9ef5056a008f195a367db0ff32db/greenlet-3.3.0-cp310-cp310-musllinux_1_2_aarch64.whl", hash = "sha256:39b28e339fc3c348427560494e28d8a6f3561c8d2bcf7d706e1c624ed8d822b9", size = 1547206, upload-time = "2025-12-04T15:04:21.027Z" },
    { url = "https://files.pythonhosted.org/packages/66/bd/e3086ccedc61e49f91e2cfb5ffad9d8d62e5dc85e512a6200f096875b60c/greenlet-3.3.0-cp310-cp310-musllinux_1_2_x86_64.whl", hash = "sha256:b3c374782c2935cc63b2a27ba8708471de4ad1abaa862ffdb1ef45a643ddbb7d", size = 1613359, upload-time = "2025-12-04T14:27:26.548Z" },
    { url = "https://files.pythonhosted.org/packages/f4/6b/d4e73f5dfa888364bbf02efa85616c6714ae7c631c201349782e5b428925/greenlet-3.3.0-cp310-cp310-win_amd64.whl", hash = "sha256:b49e7ed51876b459bd645d83db257f0180e345d3f768a35a85437a24d5a49082", size = 300740, upload-time = "2025-12-04T14:47:52.773Z" },
    { url = "https://files.pythonhosted.org/packages/1f/cb/48e964c452ca2b92175a9b2dca037a553036cb053ba69e284650ce755f13/greenlet-3.3.0-cp311-cp311-macosx_11_0_universal2.whl", hash = "sha256:e29f3018580e8412d6aaf5641bb7745d38c85228dacf51a73bd4e26ddf2a6a8e", size = 274908, upload-time = "2025-12-04T14:23:26.435Z" },
    { url = "https://files.pythonhosted.org/packages/28/da/38d7bff4d0277b594ec557f479d65272a893f1f2a716cad91efeb8680953/greenlet-3.3.0-cp311-cp311-manylinux_2_24_aarch64.manylinux_2_28_aarch64.whl", hash = "sha256:a687205fb22794e838f947e2194c0566d3812966b41c78709554aa883183fb62", size = 577113, upload-time = "2025-12-04T14:50:05.493Z" },
    { url = "https://files.pythonhosted.org/packages/3c/f2/89c5eb0faddc3ff014f1c04467d67dee0d1d334ab81fadbf3744847f8a8a/greenlet-3.3.0-cp311-cp311-manylinux_2_24_ppc64le.manylinux_2_28_ppc64le.whl", hash = "sha256:4243050a88ba61842186cb9e63c7dfa677ec146160b0efd73b855a3d9c7fcf32", size = 590338, upload-time = "2025-12-04T14:57:41.136Z" },
    { url = "https://files.pythonhosted.org/packages/80/d7/db0a5085035d05134f8c089643da2b44cc9b80647c39e93129c5ef170d8f/greenlet-3.3.0-cp311-cp311-manylinux_2_24_s390x.manylinux_2_28_s390x.whl", hash = "sha256:670d0f94cd302d81796e37299bcd04b95d62403883b24225c6b5271466612f45", size = 601098, upload-time = "2025-12-04T15:07:11.898Z" },
    { url = "https://files.pythonhosted.org/packages/dc/a6/e959a127b630a58e23529972dbc868c107f9d583b5a9f878fb858c46bc1a/greenlet-3.3.0-cp311-cp311-manylinux_2_24_x86_64.manylinux_2_28_x86_64.whl", hash = "sha256:6cb3a8ec3db4a3b0eb8a3c25436c2d49e3505821802074969db017b87bc6a948", size = 590206, upload-time = "2025-12-04T14:26:01.254Z" },
    { url = "https://files.pythonhosted.org/packages/48/60/29035719feb91798693023608447283b266b12efc576ed013dd9442364bb/greenlet-3.3.0-cp311-cp311-musllinux_1_2_aarch64.whl", hash = "sha256:2de5a0b09eab81fc6a382791b995b1ccf2b172a9fec934747a7a23d2ff291794", size = 1550668, upload-time = "2025-12-04T15:04:22.439Z" },
    { url = "https://files.pythonhosted.org/packages/0a/5f/783a23754b691bfa86bd72c3033aa107490deac9b2ef190837b860996c9f/greenlet-3.3.0-cp311-cp311-musllinux_1_2_x86_64.whl", hash = "sha256:4449a736606bd30f27f8e1ff4678ee193bc47f6ca810d705981cfffd6ce0d8c5", size = 1615483, upload-time = "2025-12-04T14:27:28.083Z" },
    { url = "https://files.pythonhosted.org/packages/1d/d5/c339b3b4bc8198b7caa4f2bd9fd685ac9f29795816d8db112da3d04175bb/greenlet-3.3.0-cp311-cp311-win_amd64.whl", hash = "sha256:7652ee180d16d447a683c04e4c5f6441bae7ba7b17ffd9f6b3aff4605e9e6f71", size = 301164, upload-time = "2025-12-04T14:42:51.577Z" },
    { url = "https://files.pythonhosted.org/packages/f8/0a/a3871375c7b9727edaeeea994bfff7c63ff7804c9829c19309ba2e058807/greenlet-3.3.0-cp312-cp312-macosx_11_0_universal2.whl", hash = "sha256:b01548f6e0b9e9784a2c99c5651e5dc89ffcbe870bc5fb2e5ef864e9cc6b5dcb", size = 276379, upload-time = "2025-12-04T14:23:30.498Z" },
    { url = "https://files.pythonhosted.org/packages/43/ab/7ebfe34dce8b87be0d11dae91acbf76f7b8246bf9d6b319c741f99fa59c6/greenlet-3.3.0-cp312-cp312-manylinux_2_24_aarch64.manylinux_2_28_aarch64.whl", hash = "sha256:349345b770dc88f81506c6861d22a6ccd422207829d2c854ae2af8025af303e3", size = 597294, upload-time = "2025-12-04T14:50:06.847Z" },
    { url = "https://files.pythonhosted.org/packages/a4/39/f1c8da50024feecd0793dbd5e08f526809b8ab5609224a2da40aad3a7641/greenlet-3.3.0-cp312-cp312-manylinux_2_24_ppc64le.manylinux_2_28_ppc64le.whl", hash = "sha256:e8e18ed6995e9e2c0b4ed264d2cf89260ab3ac7e13555b8032b25a74c6d18655", size = 607742, upload-time = "2025-12-04T14:57:42.349Z" },
    { url = "https://files.pythonhosted.org/packages/77/cb/43692bcd5f7a0da6ec0ec6d58ee7cddb606d055ce94a62ac9b1aa481e969/greenlet-3.3.0-cp312-cp312-manylinux_2_24_s390x.manylinux_2_28_s390x.whl", hash = "sha256:c024b1e5696626890038e34f76140ed1daf858e37496d33f2af57f06189e70d7", size = 622297, upload-time = "2025-12-04T15:07:13.552Z" },
    { url = "https://files.pythonhosted.org/packages/75/b0/6bde0b1011a60782108c01de5913c588cf51a839174538d266de15e4bf4d/greenlet-3.3.0-cp312-cp312-manylinux_2_24_x86_64.manylinux_2_28_x86_64.whl", hash = "sha256:047ab3df20ede6a57c35c14bf5200fcf04039d50f908270d3f9a7a82064f543b", size = 609885, upload-time = "2025-12-04T14:26:02.368Z" },
    { url = "https://files.pythonhosted.org/packages/49/0e/49b46ac39f931f59f987b7cd9f34bfec8ef81d2a1e6e00682f55be5de9f4/greenlet-3.3.0-cp312-cp312-musllinux_1_2_aarch64.whl", hash = "sha256:2d9ad37fc657b1102ec880e637cccf20191581f75c64087a549e66c57e1ceb53", size = 1567424, upload-time = "2025-12-04T15:04:23.757Z" },
    { url = "https://files.pythonhosted.org/packages/05/f5/49a9ac2dff7f10091935def9165c90236d8f175afb27cbed38fb1d61ab6b/greenlet-3.3.0-cp312-cp312-musllinux_1_2_x86_64.whl", hash = "sha256:83cd0e36932e0e7f36a64b732a6f60c2fc2df28c351bae79fbaf4f8092fe7614", size = 1636017, upload-time = "2025-12-04T14:27:29.688Z" },
    { url = "https://files.pythonhosted.org/packages/6c/79/3912a94cf27ec503e51ba493692d6db1e3cd8ac7ac52b0b47c8e33d7f4f9/greenlet-3.3.0-cp312-cp312-win_amd64.whl", hash = "sha256:a7a34b13d43a6b78abf828a6d0e87d3385680eaf830cd60d20d52f249faabf39", size = 301964, upload-time = "2025-12-04T14:36:58.316Z" },
    { url = "https://files.pythonhosted.org/packages/02/2f/28592176381b9ab2cafa12829ba7b472d177f3acc35d8fbcf3673d966fff/greenlet-3.3.0-cp313-cp313-macosx_11_0_universal2.whl", hash = "sha256:a1e41a81c7e2825822f4e068c48cb2196002362619e2d70b148f20a831c00739", size = 275140, upload-time = "2025-12-04T14:23:01.282Z" },
    { url = "https://files.pythonhosted.org/packages/2c/80/fbe937bf81e9fca98c981fe499e59a3f45df2a04da0baa5c2be0dca0d329/greenlet-3.3.0-cp313-cp313-manylinux_2_24_aarch64.manylinux_2_28_aarch64.whl", hash = "sha256:9f515a47d02da4d30caaa85b69474cec77b7929b2e936ff7fb853d42f4bf8808", size = 599219, upload-time = "2025-12-04T14:50:08.309Z" },
    { url = "https://files.pythonhosted.org/packages/c2/ff/7c985128f0514271b8268476af89aee6866df5eec04ac17dcfbc676213df/greenlet-3.3.0-cp313-cp313-manylinux_2_24_ppc64le.manylinux_2_28_ppc64le.whl", hash = "sha256:7d2d9fd66bfadf230b385fdc90426fcd6eb64db54b40c495b72ac0feb5766c54", size = 610211, upload-time = "2025-12-04T14:57:43.968Z" },
    { url = "https://files.pythonhosted.org/packages/79/07/c47a82d881319ec18a4510bb30463ed6891f2ad2c1901ed5ec23d3de351f/greenlet-3.3.0-cp313-cp313-manylinux_2_24_s390x.manylinux_2_28_s390x.whl", hash = "sha256:30a6e28487a790417d036088b3bcb3f3ac7d8babaa7d0139edbaddebf3af9492", size = 624311, upload-time = "2025-12-04T15:07:14.697Z" },
    { url = "https://files.pythonhosted.org/packages/fd/8e/424b8c6e78bd9837d14ff7df01a9829fc883ba2ab4ea787d4f848435f23f/greenlet-3.3.0-cp313-cp313-manylinux_2_24_x86_64.manylinux_2_28_x86_64.whl", hash = "sha256:087ea5e004437321508a8d6f20efc4cfec5e3c30118e1417ea96ed1d93950527", size = 612833, upload-time = "2025-12-04T14:26:03.669Z" },
    { url = "https://files.pythonhosted.org/packages/b5/ba/56699ff9b7c76ca12f1cdc27a886d0f81f2189c3455ff9f65246780f713d/greenlet-3.3.0-cp313-cp313-musllinux_1_2_aarch64.whl", hash = "sha256:ab97cf74045343f6c60a39913fa59710e4bd26a536ce7ab2397adf8b27e67c39", size = 1567256, upload-time = "2025-12-04T15:04:25.276Z" },
    { url = "https://files.pythonhosted.org/packages/1e/37/f31136132967982d698c71a281a8901daf1a8fbab935dce7c0cf15f942cc/greenlet-3.3.0-cp313-cp313-musllinux_1_2_x86_64.whl", hash = "sha256:5375d2e23184629112ca1ea89a53389dddbffcf417dad40125713d88eb5f96e8", size = 1636483, upload-time = "2025-12-04T14:27:30.804Z" },
    { url = "https://files.pythonhosted.org/packages/7e/71/ba21c3fb8c5dce83b8c01f458a42e99ffdb1963aeec08fff5a18588d8fd7/greenlet-3.3.0-cp313-cp313-win_amd64.whl", hash = "sha256:9ee1942ea19550094033c35d25d20726e4f1c40d59545815e1128ac58d416d38", size = 301833, upload-time = "2025-12-04T14:32:23.929Z" },
    { url = "https://files.pythonhosted.org/packages/d7/7c/f0a6d0ede2c7bf092d00bc83ad5bafb7e6ec9b4aab2fbdfa6f134dc73327/greenlet-3.3.0-cp314-cp314-macosx_11_0_universal2.whl", hash = "sha256:60c2ef0f578afb3c8d92ea07ad327f9a062547137afe91f38408f08aacab667f", size = 275671, upload-time = "2025-12-04T14:23:05.267Z" },
    { url = "https://files.pythonhosted.org/packages/44/06/dac639ae1a50f5969d82d2e3dd9767d30d6dbdbab0e1a54010c8fe90263c/greenlet-3.3.0-cp314-cp314-manylinux_2_24_aarch64.manylinux_2_28_aarch64.whl", hash = "sha256:0a5d554d0712ba1de0a6c94c640f7aeba3f85b3a6e1f2899c11c2c0428da9365", size = 646360, upload-time = "2025-12-04T14:50:10.026Z" },
    { url = "https://files.pythonhosted.org/packages/e0/94/0fb76fe6c5369fba9bf98529ada6f4c3a1adf19e406a47332245ef0eb357/greenlet-3.3.0-cp314-cp314-manylinux_2_24_ppc64le.manylinux_2_28_ppc64le.whl", hash = "sha256:3a898b1e9c5f7307ebbde4102908e6cbfcb9ea16284a3abe15cab996bee8b9b3", size = 658160, upload-time = "2025-12-04T14:57:45.41Z" },
    { url = "https://files.pythonhosted.org/packages/93/79/d2c70cae6e823fac36c3bbc9077962105052b7ef81db2f01ec3b9bf17e2b/greenlet-3.3.0-cp314-cp314-manylinux_2_24_s390x.manylinux_2_28_s390x.whl", hash = "sha256:dcd2bdbd444ff340e8d6bdf54d2f206ccddbb3ccfdcd3c25bf4afaa7b8f0cf45", size = 671388, upload-time = "2025-12-04T15:07:15.789Z" },
    { url = "https://files.pythonhosted.org/packages/b8/14/bab308fc2c1b5228c3224ec2bf928ce2e4d21d8046c161e44a2012b5203e/greenlet-3.3.0-cp314-cp314-manylinux_2_24_x86_64.manylinux_2_28_x86_64.whl", hash = "sha256:5773edda4dc00e173820722711d043799d3adb4f01731f40619e07ea2750b955", size = 660166, upload-time = "2025-12-04T14:26:05.099Z" },
    { url = "https://files.pythonhosted.org/packages/4b/d2/91465d39164eaa0085177f61983d80ffe746c5a1860f009811d498e7259c/greenlet-3.3.0-cp314-cp314-musllinux_1_2_aarch64.whl", hash = "sha256:ac0549373982b36d5fd5d30beb8a7a33ee541ff98d2b502714a09f1169f31b55", size = 1615193, upload-time = "2025-12-04T15:04:27.041Z" },
    { url = "https://files.pythonhosted.org/packages/42/1b/83d110a37044b92423084d52d5d5a3b3a73cafb51b547e6d7366ff62eff1/greenlet-3.3.0-cp314-cp314-musllinux_1_2_x86_64.whl", hash = "sha256:d198d2d977460358c3b3a4dc844f875d1adb33817f0613f663a656f463764ccc", size = 1683653, upload-time = "2025-12-04T14:27:32.366Z" },
    { url = "https://files.pythonhosted.org/packages/7c/9a/9030e6f9aa8fd7808e9c31ba4c38f87c4f8ec324ee67431d181fe396d705/greenlet-3.3.0-cp314-cp314-win_amd64.whl", hash = "sha256:73f51dd0e0bdb596fb0417e475fa3c5e32d4c83638296e560086b8d7da7c4170", size = 305387, upload-time = "2025-12-04T14:26:51.063Z" },
    { url = "https://files.pythonhosted.org/packages/a0/66/bd6317bc5932accf351fc19f177ffba53712a202f9df10587da8df257c7e/greenlet-3.3.0-cp314-cp314t-macosx_11_0_universal2.whl", hash = "sha256:d6ed6f85fae6cdfdb9ce04c9bf7a08d666cfcfb914e7d006f44f840b46741931", size = 282638, upload-time = "2025-12-04T14:25:20.941Z" },
    { url = "https://files.pythonhosted.org/packages/30/cf/cc81cb030b40e738d6e69502ccbd0dd1bced0588e958f9e757945de24404/greenlet-3.3.0-cp314-cp314t-manylinux_2_24_aarch64.manylinux_2_28_aarch64.whl", hash = "sha256:d9125050fcf24554e69c4cacb086b87b3b55dc395a8b3ebe6487b045b2614388", size = 651145, upload-time = "2025-12-04T14:50:11.039Z" },
    { url = "https://files.pythonhosted.org/packages/9c/ea/1020037b5ecfe95ca7df8d8549959baceb8186031da83d5ecceff8b08cd2/greenlet-3.3.0-cp314-cp314t-manylinux_2_24_ppc64le.manylinux_2_28_ppc64le.whl", hash = "sha256:87e63ccfa13c0a0f6234ed0add552af24cc67dd886731f2261e46e241608bee3", size = 654236, upload-time = "2025-12-04T14:57:47.007Z" },
    { url = "https://files.pythonhosted.org/packages/69/cc/1e4bae2e45ca2fa55299f4e85854606a78ecc37fead20d69322f96000504/greenlet-3.3.0-cp314-cp314t-manylinux_2_24_s390x.manylinux_2_28_s390x.whl", hash = "sha256:2662433acbca297c9153a4023fe2161c8dcfdcc91f10433171cf7e7d94ba2221", size = 662506, upload-time = "2025-12-04T15:07:16.906Z" },
    { url = "https://files.pythonhosted.org/packages/57/b9/f8025d71a6085c441a7eaff0fd928bbb275a6633773667023d19179fe815/greenlet-3.3.0-cp314-cp314t-manylinux_2_24_x86_64.manylinux_2_28_x86_64.whl", hash = "sha256:3c6e9b9c1527a78520357de498b0e709fb9e2f49c3a513afd5a249007261911b", size = 653783, upload-time = "2025-12-04T14:26:06.225Z" },
    { url = "https://files.pythonhosted.org/packages/f6/c7/876a8c7a7485d5d6b5c6821201d542ef28be645aa024cfe1145b35c120c1/greenlet-3.3.0-cp314-cp314t-musllinux_1_2_aarch64.whl", hash = "sha256:286d093f95ec98fdd92fcb955003b8a3d054b4e2cab3e2707a5039e7b50520fd", size = 1614857, upload-time = "2025-12-04T15:04:28.484Z" },
    { url = "https://files.pythonhosted.org/packages/4f/dc/041be1dff9f23dac5f48a43323cd0789cb798342011c19a248d9c9335536/greenlet-3.3.0-cp314-cp314t-musllinux_1_2_x86_64.whl", hash = "sha256:6c10513330af5b8ae16f023e8ddbfb486ab355d04467c4679c5cfe4659975dd9", size = 1676034, upload-time = "2025-12-04T14:27:33.531Z" },
]

[[package]]
name = "skill-growth-report"
version = "0.1.0"
source = { editable = "." }
dependencies = [
    { name = "sqlalchemy" },
]

[package.metadata]
requires-dist = [{ name = "sqlalchemy", specifier = "==1.4.52" }]

[[package]]
name = "sqlalchemy"
version = "1.4.52"
source = { registry = "https://pypi.org/simple" }
dependencies = [
    { name = "greenlet", marker = "platform_machine == 'AMD64' or platform_machine == 'WIN32' or platform_machine == 'aarch64' or platform_machine == 'amd64' or platform_machine == 'ppc64le' or platform_machine == 'win32' or platform_machine == 'x86_64'" },
]
sdist = { url = "https://files.pythonhosted.org/packages/8a/a4/b5991829c34af0505e0f2b1ccf9588d1ba90f2d984ee208c90c985f1265a/SQLAlchemy-1.4.52.tar.gz", hash = "sha256:80e63bbdc5217dad3485059bdf6f65a7d43f33c8bde619df5c220edf03d87296", size = 8514200, upload-time = "2024-03-04T13:29:44.258Z" }
wheels = [
    { url = "https://files.pythonhosted.org/packages/90/8e/590ba3c3c8cd97f53eb474cb947fc928d3c9df29ad47172e720a02297c53/SQLAlchemy-1.4.52-cp310-cp310-macosx_11_0_x86_64.whl", hash = "sha256:f68016f9a5713684c1507cc37133c28035f29925c75c0df2f9d0f7571e23720a", size = 1572253, upload-time = "2024-03-04T13:33:10.281Z" },
    { url = "https://files.pythonhosted.org/packages/ed/8d/0f239be1ac9d34658110db50d2362e52116477660820149ab088221a5f35/SQLAlchemy-1.4.52-cp310-cp310-manylinux1_x86_64.manylinux2010_x86_64.manylinux_2_12_x86_64.manylinux_2_5_x86_64.manylinux_2_17_x86_64.manylinux2014_x86_64.whl", hash = "sha256:24bb0f81fbbb13d737b7f76d1821ec0b117ce8cbb8ee5e8641ad2de41aa916d3", size = 1637629, upload-time = "2024-03-04T13:33:58.678Z" },
    { url = "https://files.pythonhosted.org/packages/c6/f6/fcde17cfbf8433d2e0a1407b20695a2042e3bd4b876c8becbed0308cdfeb/SQLAlchemy-1.4.52-cp310-cp310-manylinux_2_17_aarch64.manylinux2014_aarch64.whl", hash = "sha256:e93983cc0d2edae253b3f2141b0a3fb07e41c76cd79c2ad743fc27eb79c3f6db", size = 1626046, upload-time = "2024-03-04T13:45:02.022Z" },
    { url = "https://files.pythonhosted.org/packages/0d/b9/dd113bfc8032de8234f7d7fee4bd3025fe744d73e81e4d899a609e6e2add/SQLAlchemy-1.4.52-cp310-cp310-manylinux_2_5_x86_64.manylinux1_x86_64.manylinux_2_12_x86_64.manylinux2010_x86_64.whl", hash = "sha256:84e10772cfc333eb08d0b7ef808cd76e4a9a30a725fb62a0495877a57ee41d81", size = 1637622, upload-time = "2024-03-04T13:34:05.827Z" },
    { url = "https://files.pythonhosted.org/packages/54/a1/c803207c5328ff3a039b7d635869cdd35d30caaf23c3f5c7ba91cfd98581/SQLAlchemy-1.4.52-cp310-cp310-manylinux_2_5_x86_64.manylinux1_x86_64.manylinux_2_17_x86_64.manylinux2014_x86_64.whl", hash = "sha256:427988398d2902de042093d17f2b9619a5ebc605bf6372f7d70e29bde6736842", size = 1637611, upload-time = "2024-03-04T13:34:11.223Z" },
    { url = "https://files.pythonhosted.org/packages/86/18/6ee806751d668e4be1e01570f46a4bd29c3982595d0000e75a1a69f89348/SQLAlchemy-1.4.52-cp310-cp310-win32.whl", hash = "sha256:1296f2cdd6db09b98ceb3c93025f0da4835303b8ac46c15c2136e27ee4d18d94", size = 1589458, upload-time = "2024-03-04T13:38:16.52Z" },
    { url = "https://files.pythonhosted.org/packages/5c/30/0e5516e244123485203316a5303c08afe6e8ed5ff419f5dec8aa12441c4c/SQLAlchemy-1.4.52-cp310-cp310-win_amd64.whl", hash = "sha256:80e7f697bccc56ac6eac9e2df5c98b47de57e7006d2e46e1a3c17c546254f6ef", size = 1591522, upload-time = "2024-03-04T13:37:31.772Z" },
    { url = "https://files.pythonhosted.org/packages/ab/50/d5756b1faa3c727bc3e2601ee1975c00e6adbafbbc436bea1e87af86328d/SQLAlchemy-1.4.52-cp311-cp311-macosx_10_9_universal2.whl", hash = "sha256:2f251af4c75a675ea42766880ff430ac33291c8d0057acca79710f9e5a77383d", size = 1588505, upload-time = "2024-03-04T13:32:19.446Z" },
    { url = "https://files.pythonhosted.org/packages/81/05/73cb4865011f85fc3c4af8af06dc66b50527208f83c90b807071abba8da1/SQLAlchemy-1.4.52-cp311-cp311-manylinux_2_17_aarch64.manylinux2014_aarch64.whl", hash = "sha256:cb8f9e4c4718f111d7b530c4e6fb4d28f9f110eb82e7961412955b3875b66de0", size = 1628161, upload-time = "2024-03-04T13:43:29.423Z" },
    { url = "https://files.pythonhosted.org/packages/a9/5b/3afbd03f813b7ba929887d0d1107b54e7bad4e3a10664ab21a05eb777149/SQLAlchemy-1.4.52-cp311-cp311-manylinux_2_5_x86_64.manylinux1_x86_64.manylinux_2_17_x86_64.manylinux2014_x86_64.whl", hash = "sha256:afb1672b57f58c0318ad2cff80b384e816735ffc7e848d8aa51e0b0fc2f4b7bb", size = 1626252, upload-time = "2024-03-04T13:33:37.003Z" },
    { url = "https://files.pythonhosted.org/packages/78/5b/9eda3191ff1b9e101addc4f67df6c4a2836569f36f2e0117abe362e65b33/SQLAlchemy-1.4.52-cp311-cp311-win32.whl", hash = "sha256:6e41cb5cda641f3754568d2ed8962f772a7f2b59403b95c60c89f3e0bd25f15e", size = 1589454, upload-time = "2024-03-04T13:38:27.112Z" },
    { url = "https://files.pythonhosted.org/packages/a3/65/bede5ab82a258c4a55a5cbfacbfc74e3ca2b82e61085a815f919fa1660be/SQLAlchemy-1.4.52-cp311-cp311-win_amd64.whl", hash = "sha256:5bed4f8c3b69779de9d99eb03fd9ab67a850d74ab0243d1be9d4080e77b6af12", size = 1591519, upload-time = "2024-03-04T13:37:15.471Z" },
    { url = "https://files.pythonhosted.org/packages/fc/30/7e04f16d0508d4e57edd5c8def5810bb31bc73203beacd8bf83ed18ff0f1/SQLAlchemy-1.4.52-cp312-cp312-macosx_10_9_universal2.whl", hash = "sha256:49e3772eb3380ac88d35495843daf3c03f094b713e66c7d017e322144a5c6b7c", size = 1589216, upload-time = "2024-03-04T13:35:43.622Z" },
    { url = "https://files.pythonhosted.org/packages/ce/e6/9da1e081321a514c0147a2e0b293f27ca93f0f299cbd5ba746a9422a9f07/SQLAlchemy-1.4.52-cp312-cp312-manylinux_2_17_aarch64.manylinux2014_aarch64.whl", hash = "sha256:618827c1a1c243d2540314c6e100aee7af09a709bd005bae971686fab6723554", size = 1628827, upload-time = "2024-03-04T13:44:17.978Z" },
    { url = "https://files.pythonhosted.org/packages/10/c1/1613a8dcd05e6dacc9505554ce6c217a1cfda0da9c7592e258856945c6b6/SQLAlchemy-1.4.52-cp312-cp312-manylinux_2_5_x86_64.manylinux1_x86_64.manylinux_2_17_x86_64.manylinux2014_x86_64.whl", hash = "sha256:de9acf369aaadb71a725b7e83a5ef40ca3de1cf4cdc93fa847df6b12d3cd924b", size = 1627867, upload-time = "2024-03-04T13:33:25.507Z" },
    { url = "https://files.pythonhosted.org/packages/0e/a7/97e7893673165b41dacfb07476df83a2fb5c9445feea5e54ad6ed3d27cb5/SQLAlchemy-1.4.52-cp312-cp312-win32.whl", hash = "sha256:763bd97c4ebc74136ecf3526b34808c58945023a59927b416acebcd68d1fc126", size = 1589871, upload-time = "2024-03-04T13:38:04.103Z" },
    { url = "https://files.pythonhosted.org/packages/49/62/d0e4502e27eaa10da35243d5241c3be3ed3974d607281e3b4ccc065d9853/SQLAlchemy-1.4.52-cp312-cp312-win_amd64.whl", hash = "sha256:f12aaf94f4d9679ca475975578739e12cc5b461172e04d66f7a3c39dd14ffc64", size = 1591783, upload-time = "2024-03-04T13:37:41.13Z" },
]
